# This file is automatically @generated by Cargo.
# It is not intended for manual editing.
version = 3

[[package]]
name = "autocfg"
version = "1.1.0"
source = "registry+https://github.com/rust-lang/crates.io-index"
checksum = "d468802bab17cbc0cc575e9b053f41e72aa36bfa6b7f55e3529ffa43161b97fa"

[[package]]
name = "glam"
version = "0.21.3"
source = "registry+https://github.com/rust-lang/crates.io-index"
checksum = "518faa5064866338b013ff9b2350dc318e14cc4fcd6cb8206d7e7c9886c98815"
dependencies = [
 "num-traits",
]

[[package]]
name = "glam-pbr"
version = "0.1.0"
dependencies = [
 "glam",
 "num-traits",
]

[[package]]
name = "libm"
version = "0.2.3"
source = "registry+https://github.com/rust-lang/crates.io-index"
checksum = "da83a57f3f5ba3680950aa3cbc806fc297bc0b289d42e8942ed528ace71b8145"

[[package]]
name = "num-traits"
version = "0.2.15"
source = "registry+https://github.com/rust-lang/crates.io-index"
checksum = "578ede34cf02f8924ab9447f50c28075b4d3e5b269972345e7e0372b38c6cdcd"
dependencies = [
 "autocfg",
 "libm",
]
